// !$*UTF8*$!
{
	archiveVersion = 1;
	classes = {
	};
	objectVersion = 46;
	objects = {

/* Begin PBXBuildFile section */
		6CB9564219A38D8C0026F52B /* TESTModalViewController.m in Sources */ = {isa = PBXBuildFile; fileRef = 6CB9564119A38D8C0026F52B /* TESTModalViewController.m */; };
		6CC9E2BE19998A7B004D7AC5 /* Foundation.framework in Frameworks */ = {isa = PBXBuildFile; fileRef = 6CC9E2BD19998A7B004D7AC5 /* Foundation.framework */; };
		6CC9E2C019998A7B004D7AC5 /* CoreGraphics.framework in Frameworks */ = {isa = PBXBuildFile; fileRef = 6CC9E2BF19998A7B004D7AC5 /* CoreGraphics.framework */; };
		6CC9E2C219998A7B004D7AC5 /* UIKit.framework in Frameworks */ = {isa = PBXBuildFile; fileRef = 6CC9E2C119998A7B004D7AC5 /* UIKit.framework */; };
		6CC9E2C819998A7B004D7AC5 /* InfoPlist.strings in Resources */ = {isa = PBXBuildFile; fileRef = 6CC9E2C619998A7B004D7AC5 /* InfoPlist.strings */; };
		6CC9E2CA19998A7B004D7AC5 /* main.m in Sources */ = {isa = PBXBuildFile; fileRef = 6CC9E2C919998A7B004D7AC5 /* main.m */; };
		6CC9E2CE19998A7B004D7AC5 /* TESTAppDelegate.m in Sources */ = {isa = PBXBuildFile; fileRef = 6CC9E2CD19998A7B004D7AC5 /* TESTAppDelegate.m */; };
		6CC9E2D119998A7B004D7AC5 /* Main_iPhone.storyboard in Resources */ = {isa = PBXBuildFile; fileRef = 6CC9E2CF19998A7B004D7AC5 /* Main_iPhone.storyboard */; };
		6CC9E2D419998A7B004D7AC5 /* Main_iPad.storyboard in Resources */ = {isa = PBXBuildFile; fileRef = 6CC9E2D219998A7B004D7AC5 /* Main_iPad.storyboard */; };
		6CC9E2D719998A7B004D7AC5 /* TESTViewController.m in Sources */ = {isa = PBXBuildFile; fileRef = 6CC9E2D619998A7B004D7AC5 /* TESTViewController.m */; };
		6CC9E2D919998A7B004D7AC5 /* Images.xcassets in Resources */ = {isa = PBXBuildFile; fileRef = 6CC9E2D819998A7B004D7AC5 /* Images.xcassets */; };
		6CC9E2E019998A7B004D7AC5 /* XCTest.framework in Frameworks */ = {isa = PBXBuildFile; fileRef = 6CC9E2DF19998A7B004D7AC5 /* XCTest.framework */; };
		6CC9E2E119998A7B004D7AC5 /* Foundation.framework in Frameworks */ = {isa = PBXBuildFile; fileRef = 6CC9E2BD19998A7B004D7AC5 /* Foundation.framework */; };
		6CC9E2E219998A7B004D7AC5 /* UIKit.framework in Frameworks */ = {isa = PBXBuildFile; fileRef = 6CC9E2C119998A7B004D7AC5 /* UIKit.framework */; };
		6CC9E2EA19998A7B004D7AC5 /* InfoPlist.strings in Resources */ = {isa = PBXBuildFile; fileRef = 6CC9E2E819998A7B004D7AC5 /* InfoPlist.strings */; };
		6CC9E2EC19998A7B004D7AC5 /* sadfasdfasdfTests.m in Sources */ = {isa = PBXBuildFile; fileRef = 6CC9E2EB19998A7B004D7AC5 /* sadfasdfasdfTests.m */; };
/* End PBXBuildFile section */

/* Begin PBXContainerItemProxy section */
		6CC9E2E319998A7B004D7AC5 /* PBXContainerItemProxy */ = {
			isa = PBXContainerItemProxy;
			containerPortal = 6CC9E2B219998A7B004D7AC5 /* Project object */;
			proxyType = 1;
			remoteGlobalIDString = 6CC9E2B919998A7B004D7AC5;
			remoteInfo = sadfasdfasdf;
		};
/* End PBXContainerItemProxy section */

/* Begin PBXFileReference section */
		6CB9564019A38D8C0026F52B /* TESTModalViewController.h */ = {isa = PBXFileReference; fileEncoding = 4; lastKnownFileType = sourcecode.c.h; path = TESTModalViewController.h; sourceTree = "<group>"; };
		6CB9564119A38D8C0026F52B /* TESTModalViewController.m */ = {isa = PBXFileReference; fileEncoding = 4; lastKnownFileType = sourcecode.c.objc; path = TESTModalViewController.m; sourceTree = "<group>"; };
		6CC9E2BA19998A7B004D7AC5 /* sadfasdfasdf.app */ = {isa = PBXFileReference; explicitFileType = wrapper.application; includeInIndex = 0; path = sadfasdfasdf.app; sourceTree = BUILT_PRODUCTS_DIR; };
		6CC9E2BD19998A7B004D7AC5 /* Foundation.framework */ = {isa = PBXFileReference; lastKnownFileType = wrapper.framework; name = Foundation.framework; path = System/Library/Frameworks/Foundation.framework; sourceTree = SDKROOT; };
		6CC9E2BF19998A7B004D7AC5 /* CoreGraphics.framework */ = {isa = PBXFileReference; lastKnownFileType = wrapper.framework; name = CoreGraphics.framework; path = System/Library/Frameworks/CoreGraphics.framework; sourceTree = SDKROOT; };
		6CC9E2C119998A7B004D7AC5 /* UIKit.framework */ = {isa = PBXFileReference; lastKnownFileType = wrapper.framework; name = UIKit.framework; path = System/Library/Frameworks/UIKit.framework; sourceTree = SDKROOT; };
		6CC9E2C519998A7B004D7AC5 /* sadfasdfasdf-Info.plist */ = {isa = PBXFileReference; lastKnownFileType = text.plist.xml; path = "sadfasdfasdf-Info.plist"; sourceTree = "<group>"; };
		6CC9E2C719998A7B004D7AC5 /* en */ = {isa = PBXFileReference; lastKnownFileType = text.plist.strings; name = en; path = en.lproj/InfoPlist.strings; sourceTree = "<group>"; };
		6CC9E2C919998A7B004D7AC5 /* main.m */ = {isa = PBXFileReference; lastKnownFileType = sourcecode.c.objc; path = main.m; sourceTree = "<group>"; };
		6CC9E2CB19998A7B004D7AC5 /* sadfasdfasdf-Prefix.pch */ = {isa = PBXFileReference; lastKnownFileType = sourcecode.c.h; path = "sadfasdfasdf-Prefix.pch"; sourceTree = "<group>"; };
		6CC9E2CC19998A7B004D7AC5 /* TESTAppDelegate.h */ = {isa = PBXFileReference; lastKnownFileType = sourcecode.c.h; path = TESTAppDelegate.h; sourceTree = "<group>"; };
		6CC9E2CD19998A7B004D7AC5 /* TESTAppDelegate.m */ = {isa = PBXFileReference; lastKnownFileType = sourcecode.c.objc; path = TESTAppDelegate.m; sourceTree = "<group>"; };
		6CC9E2D019998A7B004D7AC5 /* Base */ = {isa = PBXFileReference; lastKnownFileType = file.storyboard; name = Base; path = Base.lproj/Main_iPhone.storyboard; sourceTree = "<group>"; };
		6CC9E2D319998A7B004D7AC5 /* Base */ = {isa = PBXFileReference; lastKnownFileType = file.storyboard; name = Base; path = Base.lproj/Main_iPad.storyboard; sourceTree = "<group>"; };
		6CC9E2D519998A7B004D7AC5 /* TESTViewController.h */ = {isa = PBXFileReference; lastKnownFileType = sourcecode.c.h; path = TESTViewController.h; sourceTree = "<group>"; };
		6CC9E2D619998A7B004D7AC5 /* TESTViewController.m */ = {isa = PBXFileReference; lastKnownFileType = sourcecode.c.objc; path = TESTViewController.m; sourceTree = "<group>"; };
		6CC9E2D819998A7B004D7AC5 /* Images.xcassets */ = {isa = PBXFileReference; lastKnownFileType = folder.assetcatalog; path = Images.xcassets; sourceTree = "<group>"; };
		6CC9E2DE19998A7B004D7AC5 /* sadfasdfasdfTests.xctest */ = {isa = PBXFileReference; explicitFileType = wrapper.cfbundle; includeInIndex = 0; path = sadfasdfasdfTests.xctest; sourceTree = BUILT_PRODUCTS_DIR; };
		6CC9E2DF19998A7B004D7AC5 /* XCTest.framework */ = {isa = PBXFileReference; lastKnownFileType = wrapper.framework; name = XCTest.framework; path = Library/Frameworks/XCTest.framework; sourceTree = DEVELOPER_DIR; };
		6CC9E2E719998A7B004D7AC5 /* sadfasdfasdfTests-Info.plist */ = {isa = PBXFileReference; lastKnownFileType = text.plist.xml; path = "sadfasdfasdfTests-Info.plist"; sourceTree = "<group>"; };
		6CC9E2E919998A7B004D7AC5 /* en */ = {isa = PBXFileReference; lastKnownFileType = text.plist.strings; name = en; path = en.lproj/InfoPlist.strings; sourceTree = "<group>"; };
		6CC9E2EB19998A7B004D7AC5 /* sadfasdfasdfTests.m */ = {isa = PBXFileReference; lastKnownFileType = sourcecode.c.objc; path = sadfasdfasdfTests.m; sourceTree = "<group>"; };
/* End PBXFileReference section */

/* Begin PBXFrameworksBuildPhase section */
		6CC9E2B719998A7B004D7AC5 /* Frameworks */ = {
			isa = PBXFrameworksBuildPhase;
			buildActionMask = 2147483647;
			files = (
				6CC9E2C019998A7B004D7AC5 /* CoreGraphics.framework in Frameworks */,
				6CC9E2C219998A7B004D7AC5 /* UIKit.framework in Frameworks */,
				6CC9E2BE19998A7B004D7AC5 /* Foundation.framework in Frameworks */,
			);
			runOnlyForDeploymentPostprocessing = 0;
		};
		6CC9E2DB19998A7B004D7AC5 /* Frameworks */ = {
			isa = PBXFrameworksBuildPhase;
			buildActionMask = 2147483647;
			files = (
				6CC9E2E019998A7B004D7AC5 /* XCTest.framework in Frameworks */,
				6CC9E2E219998A7B004D7AC5 /* UIKit.framework in Frameworks */,
				6CC9E2E119998A7B004D7AC5 /* Foundation.framework in Frameworks */,
			);
			runOnlyForDeploymentPostprocessing = 0;
		};
/* End PBXFrameworksBuildPhase section */

/* Begin PBXGroup section */
		6CC9E2B119998A7B004D7AC5 = {
			isa = PBXGroup;
			children = (
				6CC9E2C319998A7B004D7AC5 /* sadfasdfasdf */,
				6CC9E2E519998A7B004D7AC5 /* sadfasdfasdfTests */,
				6CC9E2BC19998A7B004D7AC5 /* Frameworks */,
				6CC9E2BB19998A7B004D7AC5 /* Products */,
			);
			sourceTree = "<group>";
		};
		6CC9E2BB19998A7B004D7AC5 /* Products */ = {
			isa = PBXGroup;
			children = (
				6CC9E2BA19998A7B004D7AC5 /* sadfasdfasdf.app */,
				6CC9E2DE19998A7B004D7AC5 /* sadfasdfasdfTests.xctest */,
			);
			name = Products;
			sourceTree = "<group>";
		};
		6CC9E2BC19998A7B004D7AC5 /* Frameworks */ = {
			isa = PBXGroup;
			children = (
				6CC9E2BD19998A7B004D7AC5 /* Foundation.framework */,
				6CC9E2BF19998A7B004D7AC5 /* CoreGraphics.framework */,
				6CC9E2C119998A7B004D7AC5 /* UIKit.framework */,
				6CC9E2DF19998A7B004D7AC5 /* XCTest.framework */,
			);
			name = Frameworks;
			sourceTree = "<group>";
		};
		6CC9E2C319998A7B004D7AC5 /* sadfasdfasdf */ = {
			isa = PBXGroup;
			children = (
				6CC9E2CC19998A7B004D7AC5 /* TESTAppDelegate.h */,
				6CC9E2CD19998A7B004D7AC5 /* TESTAppDelegate.m */,
				6CC9E2CF19998A7B004D7AC5 /* Main_iPhone.storyboard */,
				6CC9E2D219998A7B004D7AC5 /* Main_iPad.storyboard */,
				6CC9E2D519998A7B004D7AC5 /* TESTViewController.h */,
				6CC9E2D619998A7B004D7AC5 /* TESTViewController.m */,
				6CB9564019A38D8C0026F52B /* TESTModalViewController.h */,
				6CB9564119A38D8C0026F52B /* TESTModalViewController.m */,
				6CC9E2D819998A7B004D7AC5 /* Images.xcassets */,
				6CC9E2C419998A7B004D7AC5 /* Supporting Files */,
			);
			path = sadfasdfasdf;
			sourceTree = "<group>";
		};
		6CC9E2C419998A7B004D7AC5 /* Supporting Files */ = {
			isa = PBXGroup;
			children = (
				6CC9E2C519998A7B004D7AC5 /* sadfasdfasdf-Info.plist */,
				6CC9E2C619998A7B004D7AC5 /* InfoPlist.strings */,
				6CC9E2C919998A7B004D7AC5 /* main.m */,
				6CC9E2CB19998A7B004D7AC5 /* sadfasdfasdf-Prefix.pch */,
			);
			name = "Supporting Files";
			sourceTree = "<group>";
		};
		6CC9E2E519998A7B004D7AC5 /* sadfasdfasdfTests */ = {
			isa = PBXGroup;
			children = (
				6CC9E2EB19998A7B004D7AC5 /* sadfasdfasdfTests.m */,
				6CC9E2E619998A7B004D7AC5 /* Supporting Files */,
			);
			path = sadfasdfasdfTests;
			sourceTree = "<group>";
		};
		6CC9E2E619998A7B004D7AC5 /* Supporting Files */ = {
			isa = PBXGroup;
			children = (
				6CC9E2E719998A7B004D7AC5 /* sadfasdfasdfTests-Info.plist */,
				6CC9E2E819998A7B004D7AC5 /* InfoPlist.strings */,
			);
			name = "Supporting Files";
			sourceTree = "<group>";
		};
/* End PBXGroup section */

/* Begin PBXNativeTarget section */
		6CC9E2B919998A7B004D7AC5 /* sadfasdfasdf */ = {
			isa = PBXNativeTarget;
			buildConfigurationList = 6CC9E2EF19998A7B004D7AC5 /* Build configuration list for PBXNativeTarget "sadfasdfasdf" */;
			buildPhases = (
				6CC9E2B619998A7B004D7AC5 /* Sources */,
				6CC9E2B719998A7B004D7AC5 /* Frameworks */,
				6CC9E2B819998A7B004D7AC5 /* Resources */,
			);
			buildRules = (
			);
			dependencies = (
			);
			name = sadfasdfasdf;
			productName = sadfasdfasdf;
			productReference = 6CC9E2BA19998A7B004D7AC5 /* sadfasdfasdf.app */;
			productType = "com.apple.product-type.application";
		};
		6CC9E2DD19998A7B004D7AC5 /* sadfasdfasdfTests */ = {
			isa = PBXNativeTarget;
			buildConfigurationList = 6CC9E2F219998A7B004D7AC5 /* Build configuration list for PBXNativeTarget "sadfasdfasdfTests" */;
			buildPhases = (
				6CC9E2DA19998A7B004D7AC5 /* Sources */,
				6CC9E2DB19998A7B004D7AC5 /* Frameworks */,
				6CC9E2DC19998A7B004D7AC5 /* Resources */,
			);
			buildRules = (
			);
			dependencies = (
				6CC9E2E419998A7B004D7AC5 /* PBXTargetDependency */,
			);
			name = sadfasdfasdfTests;
			productName = sadfasdfasdfTests;
			productReference = 6CC9E2DE19998A7B004D7AC5 /* sadfasdfasdfTests.xctest */;
			productType = "com.apple.product-type.bundle.unit-test";
		};
/* End PBXNativeTarget section */

/* Begin PBXProject section */
		6CC9E2B219998A7B004D7AC5 /* Project object */ = {
			isa = PBXProject;
			attributes = {
				CLASSPREFIX = TEST;
				LastUpgradeCheck = 0500;
				ORGANIZATIONNAME = "Cerner Corporation";
				TargetAttributes = {
					6CC9E2DD19998A7B004D7AC5 = {
						TestTargetID = 6CC9E2B919998A7B004D7AC5;
					};
				};
			};
			buildConfigurationList = 6CC9E2B519998A7B004D7AC5 /* Build configuration list for PBXProject "sadfasdfasdf" */;
			compatibilityVersion = "Xcode 3.2";
			developmentRegion = English;
			hasScannedForEncodings = 0;
			knownRegions = (
				en,
				Base,
			);
			mainGroup = 6CC9E2B119998A7B004D7AC5;
			productRefGroup = 6CC9E2BB19998A7B004D7AC5 /* Products */;
			projectDirPath = "";
			projectRoot = "";
			targets = (
				6CC9E2B919998A7B004D7AC5 /* sadfasdfasdf */,
				6CC9E2DD19998A7B004D7AC5 /* sadfasdfasdfTests */,
			);
		};
/* End PBXProject section */

/* Begin PBXResourcesBuildPhase section */
		6CC9E2B819998A7B004D7AC5 /* Resources */ = {
			isa = PBXResourcesBuildPhase;
			buildActionMask = 2147483647;
			files = (
				6CC9E2D419998A7B004D7AC5 /* Main_iPad.storyboard in Resources */,
				6CC9E2D919998A7B004D7AC5 /* Images.xcassets in Resources */,
				6CC9E2D119998A7B004D7AC5 /* Main_iPhone.storyboard in Resources */,
				6CC9E2C819998A7B004D7AC5 /* InfoPlist.strings in Resources */,
			);
			runOnlyForDeploymentPostprocessing = 0;
		};
		6CC9E2DC19998A7B004D7AC5 /* Resources */ = {
			isa = PBXResourcesBuildPhase;
			buildActionMask = 2147483647;
			files = (
				6CC9E2EA19998A7B004D7AC5 /* InfoPlist.strings in Resources */,
			);
			runOnlyForDeploymentPostprocessing = 0;
		};
/* End PBXResourcesBuildPhase section */

/* Begin PBXSourcesBuildPhase section */
		6CC9E2B619998A7B004D7AC5 /* Sources */ = {
			isa = PBXSourcesBuildPhase;
			buildActionMask = 2147483647;
			files = (
				6CB9564219A38D8C0026F52B /* TESTModalViewController.m in Sources */,
				6CC9E2CE19998A7B004D7AC5 /* TESTAppDelegate.m in Sources */,
				6CC9E2D719998A7B004D7AC5 /* TESTViewController.m in Sources */,
				6CC9E2CA19998A7B004D7AC5 /* main.m in Sources */,
			);
			runOnlyForDeploymentPostprocessing = 0;
		};
		6CC9E2DA19998A7B004D7AC5 /* Sources */ = {
			isa = PBXSourcesBuildPhase;
			buildActionMask = 2147483647;
			files = (
				6CC9E2EC19998A7B004D7AC5 /* sadfasdfasdfTests.m in Sources */,
			);
			runOnlyForDeploymentPostprocessing = 0;
		};
/* End PBXSourcesBuildPhase section */

/* Begin PBXTargetDependency section */
		6CC9E2E419998A7B004D7AC5 /* PBXTargetDependency */ = {
			isa = PBXTargetDependency;
			target = 6CC9E2B919998A7B004D7AC5 /* sadfasdfasdf */;
			targetProxy = 6CC9E2E319998A7B004D7AC5 /* PBXContainerItemProxy */;
		};
/* End PBXTargetDependency section */

/* Begin PBXVariantGroup section */
		6CC9E2C619998A7B004D7AC5 /* InfoPlist.strings */ = {
			isa = PBXVariantGroup;
			children = (
				6CC9E2C719998A7B004D7AC5 /* en */,
			);
			name = InfoPlist.strings;
			sourceTree = "<group>";
		};
		6CC9E2CF19998A7B004D7AC5 /* Main_iPhone.storyboard */ = {
			isa = PBXVariantGroup;
			children = (
				6CC9E2D019998A7B004D7AC5 /* Base */,
			);
			name = Main_iPhone.storyboard;
			sourceTree = "<group>";
		};
		6CC9E2D219998A7B004D7AC5 /* Main_iPad.storyboard */ = {
			isa = PBXVariantGroup;
			children = (
				6CC9E2D319998A7B004D7AC5 /* Base */,
			);
			name = Main_iPad.storyboard;
			sourceTree = "<group>";
		};
		6CC9E2E819998A7B004D7AC5 /* InfoPlist.strings */ = {
			isa = PBXVariantGroup;
			children = (
				6CC9E2E919998A7B004D7AC5 /* en */,
			);
			name = InfoPlist.strings;
			sourceTree = "<group>";
		};
/* End PBXVariantGroup section */

/* Begin XCBuildConfiguration section */
		6CC9E2ED19998A7B004D7AC5 /* Debug */ = {
			isa = XCBuildConfiguration;
			buildSettings = {
				ALWAYS_SEARCH_USER_PATHS = NO;
				ARCHS = "$(ARCHS_STANDARD_INCLUDING_64_BIT)";
				CLANG_CXX_LANGUAGE_STANDARD = "gnu++0x";
				CLANG_CXX_LIBRARY = "libc++";
				CLANG_ENABLE_MODULES = YES;
				CLANG_ENABLE_OBJC_ARC = YES;
				CLANG_WARN_BOOL_CONVERSION = YES;
				CLANG_WARN_CONSTANT_CONVERSION = YES;
				CLANG_WARN_DIRECT_OBJC_ISA_USAGE = YES_ERROR;
				CLANG_WARN_EMPTY_BODY = YES;
				CLANG_WARN_ENUM_CONVERSION = YES;
				CLANG_WARN_INT_CONVERSION = YES;
				CLANG_WARN_OBJC_ROOT_CLASS = YES_ERROR;
				CLANG_WARN__DUPLICATE_METHOD_MATCH = YES;
				"CODE_SIGN_IDENTITY[sdk=iphoneos*]" = "iPhone Developer";
				COPY_PHASE_STRIP = NO;
				GCC_C_LANGUAGE_STANDARD = gnu99;
				GCC_DYNAMIC_NO_PIC = NO;
				GCC_OPTIMIZATION_LEVEL = 0;
				GCC_PREPROCESSOR_DEFINITIONS = (
					"DEBUG=1",
					"$(inherited)",
				);
				GCC_SYMBOLS_PRIVATE_EXTERN = NO;
				GCC_WARN_64_TO_32_BIT_CONVERSION = YES;
				GCC_WARN_ABOUT_RETURN_TYPE = YES_ERROR;
				GCC_WARN_UNDECLARED_SELECTOR = YES;
				GCC_WARN_UNINITIALIZED_AUTOS = YES;
				GCC_WARN_UNUSED_FUNCTION = YES;
				GCC_WARN_UNUSED_VARIABLE = YES;
				IPHONEOS_DEPLOYMENT_TARGET = 7.0;
				ONLY_ACTIVE_ARCH = YES;
				SDKROOT = iphoneos;
				TARGETED_DEVICE_FAMILY = "1,2";
			};
			name = Debug;
		};
		6CC9E2EE19998A7B004D7AC5 /* Release */ = {
			isa = XCBuildConfiguration;
			buildSettings = {
				ALWAYS_SEARCH_USER_PATHS = NO;
				ARCHS = "$(ARCHS_STANDARD_INCLUDING_64_BIT)";
				CLANG_CXX_LANGUAGE_STANDARD = "gnu++0x";
				CLANG_CXX_LIBRARY = "libc++";
				CLANG_ENABLE_MODULES = YES;
				CLANG_ENABLE_OBJC_ARC = YES;
				CLANG_WARN_BOOL_CONVERSION = YES;
				CLANG_WARN_CONSTANT_CONVERSION = YES;
				CLANG_WARN_DIRECT_OBJC_ISA_USAGE = YES_ERROR;
				CLANG_WARN_EMPTY_BODY = YES;
				CLANG_WARN_ENUM_CONVERSION = YES;
				CLANG_WARN_INT_CONVERSION = YES;
				CLANG_WARN_OBJC_ROOT_CLASS = YES_ERROR;
				CLANG_WARN__DUPLICATE_METHOD_MATCH = YES;
				"CODE_SIGN_IDENTITY[sdk=iphoneos*]" = "iPhone Developer";
				COPY_PHASE_STRIP = YES;
				ENABLE_NS_ASSERTIONS = NO;
				GCC_C_LANGUAGE_STANDARD = gnu99;
				GCC_WARN_64_TO_32_BIT_CONVERSION = YES;
				GCC_WARN_ABOUT_RETURN_TYPE = YES_ERROR;
				GCC_WARN_UNDECLARED_SELECTOR = YES;
				GCC_WARN_UNINITIALIZED_AUTOS = YES;
				GCC_WARN_UNUSED_FUNCTION = YES;
				GCC_WARN_UNUSED_VARIABLE = YES;
				IPHONEOS_DEPLOYMENT_TARGET = 7.0;
				SDKROOT = iphoneos;
				TARGETED_DEVICE_FAMILY = "1,2";
				VALIDATE_PRODUCT = YES;
			};
			name = Release;
		};
		6CC9E2F019998A7B004D7AC5 /* Debug */ = {
			isa = XCBuildConfiguration;
			buildSettings = {
				ASSETCATALOG_COMPILER_APPICON_NAME = AppIcon;
				ASSETCATALOG_COMPILER_LAUNCHIMAGE_NAME = LaunchImage;
				GCC_PRECOMPILE_PREFIX_HEADER = YES;
				GCC_PREFIX_HEADER = "sadfasdfasdf/sadfasdfasdf-Prefix.pch";
				INFOPLIST_FILE = "sadfasdfasdf/sadfasdfasdf-Info.plist";
				PRODUCT_NAME = "$(TARGET_NAME)";
				WRAPPER_EXTENSION = app;
			};
			name = Debug;
		};
		6CC9E2F119998A7B004D7AC5 /* Release */ = {
			isa = XCBuildConfiguration;
			buildSettings = {
				ASSETCATALOG_COMPILER_APPICON_NAME = AppIcon;
				ASSETCATALOG_COMPILER_LAUNCHIMAGE_NAME = LaunchImage;
				GCC_PRECOMPILE_PREFIX_HEADER = YES;
				GCC_PREFIX_HEADER = "sadfasdfasdf/sadfasdfasdf-Prefix.pch";
				INFOPLIST_FILE = "sadfasdfasdf/sadfasdfasdf-Info.plist";
				PRODUCT_NAME = "$(TARGET_NAME)";
				WRAPPER_EXTENSION = app;
			};
			name = Release;
		};
		6CC9E2F319998A7B004D7AC5 /* Debug */ = {
			isa = XCBuildConfiguration;
			buildSettings = {
				ARCHS = "$(ARCHS_STANDARD_INCLUDING_64_BIT)";
				BUNDLE_LOADER = "$(BUILT_PRODUCTS_DIR)/sadfasdfasdf.app/sadfasdfasdf";
				FRAMEWORK_SEARCH_PATHS = (
					"$(SDKROOT)/Developer/Library/Frameworks",
					"$(inherited)",
					"$(DEVELOPER_FRAMEWORKS_DIR)",
				);
				GCC_PRECOMPILE_PREFIX_HEADER = YES;
				GCC_PREFIX_HEADER = "sadfasdfasdf/sadfasdfasdf-Prefix.pch";
				GCC_PREPROCESSOR_DEFINITIONS = (
					"DEBUG=1",
					"$(inherited)",
				);
				INFOPLIST_FILE = "sadfasdfasdfTests/sadfasdfasdfTests-Info.plist";
				PRODUCT_NAME = "$(TARGET_NAME)";
				TEST_HOST = "$(BUNDLE_LOADER)";
				WRAPPER_EXTENSION = xctest;
			};
			name = Debug;
		};
		6CC9E2F419998A7B004D7AC5 /* Release */ = {
			isa = XCBuildConfiguration;
			buildSettings = {
				ARCHS = "$(ARCHS_STANDARD_INCLUDING_64_BIT)";
				BUNDLE_LOADER = "$(BUILT_PRODUCTS_DIR)/sadfasdfasdf.app/sadfasdfasdf";
				FRAMEWORK_SEARCH_PATHS = (
					"$(SDKROOT)/Developer/Library/Frameworks",
					"$(inherited)",
					"$(DEVELOPER_FRAMEWORKS_DIR)",
				);
				GCC_PRECOMPILE_PREFIX_HEADER = YES;
				GCC_PREFIX_HEADER = "sadfasdfasdf/sadfasdfasdf-Prefix.pch";
				INFOPLIST_FILE = "sadfasdfasdfTests/sadfasdfasdfTests-Info.plist";
				PRODUCT_NAME = "$(TARGET_NAME)";
				TEST_HOST = "$(BUNDLE_LOADER)";
				WRAPPER_EXTENSION = xctest;
			};
			name = Release;
		};
/* End XCBuildConfiguration section */

/* Begin XCConfigurationList section */
		6CC9E2B519998A7B004D7AC5 /* Build configuration list for PBXProject "sadfasdfasdf" */ = {
			isa = XCConfigurationList;
			buildConfigurations = (
				6CC9E2ED19998A7B004D7AC5 /* Debug */,
				6CC9E2EE19998A7B004D7AC5 /* Release */,
			);
			defaultConfigurationIsVisible = 0;
			defaultConfigurationName = Release;
		};
		6CC9E2EF19998A7B004D7AC5 /* Build configuration list for PBXNativeTarget "sadfasdfasdf" */ = {
			isa = XCConfigurationList;
			buildConfigurations = (
				6CC9E2F019998A7B004D7AC5 /* Debug */,
				6CC9E2F119998A7B004D7AC5 /* Release */,
			);
			defaultConfigurationIsVisible = 0;
			defaultConfigurationName = Release;
		};
		6CC9E2F219998A7B004D7AC5 /* Build configuration list for PBXNativeTarget "sadfasdfasdfTests" */ = {
			isa = XCConfigurationList;
			buildConfigurations = (
				6CC9E2F319998A7B004D7AC5 /* Debug */,
				6CC9E2F419998A7B004D7AC5 /* Release */,
			);
			defaultConfigurationIsVisible = 0;
			defaultConfigurationName = Release;
		};
/* End XCConfigurationList section */
	};
	rootObject = 6CC9E2B219998A7B004D7AC5 /* Project object */;
}
